{
  "name": "react-frau-intl",
  "version": "0.2.0",
  "lockfileVersion": 3,
  "requires": true,
  "packages": {
    "": {
      "name": "react-frau-intl",
      "version": "0.2.0",
      "license": "Apache-2.0",
      "dependencies": {
        "intl-format-cache": "^2",
        "intl-messageformat": "^1"
      },
      "peerDependencies": {
        "react": "^0.13.0 || ^0.14.0 || ^15.0.0 || ^16"
      }
    },
    "node_modules/intl-format-cache": {
      "version": "2.2.9",
      "resolved": "https://registry.npmjs.org/intl-format-cache/-/intl-format-cache-2.2.9.tgz",
      "integrity": "sha512-Zv/u8wRpekckv0cLkwpVdABYST4hZNTDaX7reFetrYTJwxExR2VyTqQm+l0WmL0Qo8Mjb9Tf33qnfj0T7pjxdQ==",
      "license": "BSD-3-Clause"
    },
    "node_modules/intl-messageformat": {
      "version": "1.3.0",
      "resolved": "https://registry.npmjs.org/intl-messageformat/-/intl-messageformat-1.3.0.tgz",
      "integrity": "sha512-dtj6VJ0Ul/DFyAksbEtOzsslkfuEu7r/d/oi8XltZgDLH3aUzxNkcb6SbguhHTi1RyPGtdWsfx6Q7qJGUySpow==",
      "license": "BSD-3-Clause",
      "dependencies": {
        "intl-messageformat-parser": "1.2.0"
      }
    },
    "node_modules/intl-messageformat-parser": {
      "version": "1.2.0",
      "resolved": "https://registry.npmjs.org/intl-messageformat-parser/-/intl-messageformat-parser-1.2.0.tgz",
      "integrity": "sha512-2qnIxfkrrzKAXR9m+rUqWb2yzeRX78k1l7+MU4ji7i4TIUyAIOo3KGV4hPKElRNyD40AAoAQdw1XXs5umB/usA==",
      "deprecated": "We've written a new parser that's 6x faster and is backwards compatible. Please use @formatjs/icu-messageformat-parser",
      "license": "BSD-3-Clause"
    },
    "node_modules/js-tokens": {
      "version": "4.0.0",
      "resolved": "https://registry.npmjs.org/js-tokens/-/js-tokens-4.0.0.tgz",
      "integrity": "sha512-RdJUflcE3cUzKiMqQgsCu06FPu9UdIJO0beYbPhHN4k6apgJtifcoCtT9bcxOpYBtpD2kCM6Sbzg4CausW/PKQ==",
      "license": "MIT"
    },
    "node_modules/loose-envify": {
      "version": "1.4.0",
      "resolved": "https://registry.npmjs.org/loose-envify/-/loose-envify-1.4.0.tgz",
      "integrity": "sha512-lyuxPGr/Wfhrlem2CL/UcnUc1zcqKAImBDzukY7Y5F/yQiNdko6+fRLevlw1HgMySw7f611UIY408EtxRSoK3Q==",
      "license": "MIT",
      "dependencies": {
        "js-tokens": "^3.0.0 || ^4.0.0"
      },
      "bin": {
        "loose-envify": "cli.js"
      }
    },
    "node_modules/object-assign": {
      "version": "4.1.1",
      "resolved": "https://registry.npmjs.org/object-assign/-/object-assign-4.1.1.tgz",
      "integrity": "sha512-rJgTQnkUnH1sFw8yT6VSU3zD3sWmu6sZhIseY8VX+GRu3P6F7Fu+JNDoXfklElbLJSnc3FUQHVe4cU5hj+BcUg==",
      "license": "MIT",
      "engines": {
        "node": ">=0.10.0"
      }
    },
    "node_modules/prop-types": {
      "version": "15.8.1",
      "resolved": "https://registry.npmjs.org/prop-types/-/prop-types-15.8.1.tgz",
      "integrity": "sha512-oj87CgZICdulUohogVAR7AjlC0327U4el4L6eAvOqCeudMDVU0NThNaV+b9Df4dXgSP1gXMTnPdhfe/2qDH5cg==",
      "license": "MIT",
      "dependencies": {
        "loose-envify": "^1.4.0",
        "object-assign": "^4.1.1",
        "react-is": "^16.13.1"
      }
    },
    "node_modules/react": {
      "version": "16.14.0",
      "resolved": "https://registry.npmjs.org/react/-/react-16.14.0.tgz",
      "integrity": "sha512-0X2CImDkJGApiAlcf0ODKIneSwBPhqJawOa5wCtKbu7ZECrmS26NvtSILynQ66cgkT/RJ4LidJOc3bUESwmU8g==",
      "license": "MIT",
      "peer": true,
      "dependencies": {
        "loose-envify": "^1.1.0",
        "object-assign": "^4.1.1",
        "prop-types": "^15.6.2"
      },
      "engines": {
        "node": ">=0.10.0"
      }
    },
    "node_modules/react-is": {
      "version": "16.13.1",
      "resolved": "https://registry.npmjs.org/react-is/-/react-is-16.13.1.tgz",
      "integrity": "sha512-24e6ynE2H+OKt4kqsOvNd8kBpV65zoxbA4BVsEOB3ARVWQki/DHzaUoC5KuON/BiccDaCCTZBuOcfZs70kR8bQ==",
      "license": "MIT"
    }
  }
}
